{
  "version": 4,
  "terraform_version": "1.4.6",
  "serial": 104,
  "lineage": "b3d6dd27-5d7a-b93d-83a3-a131d8d64e0d",
  "outputs": {},
  "resources": [
    {
      "mode": "managed",
      "type": "azurerm_network_interface",
      "name": "k8s-native",
      "provider": "provider[\"registry.terraform.io/hashicorp/azurerm\"]",
      "instances": [
        {
          "index_key": 0,
          "schema_version": 0,
          "attributes": {
            "applied_dns_servers": [],
            "dns_servers": [],
            "edge_zone": "",
            "enable_accelerated_networking": false,
            "enable_ip_forwarding": false,
            "id": "/subscriptions/27ba4773-4015-4ff2-90cc-bf902c26b90e/resourceGroups/rsg-k8s-native/providers/Microsoft.Network/networkInterfaces/796e0ba4",
            "internal_dns_name_label": "",
            "internal_domain_name_suffix": "ihrbdluc40vufe400noqn54yzh.zx.internal.cloudapp.net",
            "ip_configuration": [
              {
                "gateway_load_balancer_frontend_ip_configuration_id": "",
                "name": "internal",
                "primary": true,
                "private_ip_address": "10.0.2.4",
                "private_ip_address_allocation": "Dynamic",
                "private_ip_address_version": "IPv4",
                "public_ip_address_id": "/subscriptions/27ba4773-4015-4ff2-90cc-bf902c26b90e/resourceGroups/rsg-k8s-native/providers/Microsoft.Network/publicIPAddresses/vm_public_ip-796e0ba4",
                "subnet_id": "/subscriptions/27ba4773-4015-4ff2-90cc-bf902c26b90e/resourceGroups/rsg-k8s-native/providers/Microsoft.Network/virtualNetworks/vnet-k8s-native/subnets/internal"
              }
            ],
            "location": "uksouth",
            "mac_address": "60-45-BD-CF-E9-B5",
            "name": "796e0ba4",
            "private_ip_address": "10.0.2.4",
            "private_ip_addresses": [
              "10.0.2.4"
            ],
            "resource_group_name": "rsg-k8s-native",
            "tags": {},
            "timeouts": null,
            "virtual_machine_id": "/subscriptions/27ba4773-4015-4ff2-90cc-bf902c26b90e/resourceGroups/rsg-k8s-native/providers/Microsoft.Compute/virtualMachines/vm-796e0ba4"
          },
          "sensitive_attributes": [],
          "private": "eyJlMmJmYjczMC1lY2FhLTExZTYtOGY4OC0zNDM2M2JjN2M0YzAiOnsiY3JlYXRlIjoxODAwMDAwMDAwMDAwLCJkZWxldGUiOjE4MDAwMDAwMDAwMDAsInJlYWQiOjMwMDAwMDAwMDAwMCwidXBkYXRlIjoxODAwMDAwMDAwMDAwfX0=",
          "dependencies": [
            "azurerm_public_ip.k8s-native",
            "azurerm_resource_group.k8s-native",
            "azurerm_subnet.k8s-native",
            "azurerm_virtual_network.k8s-native",
            "random_id.vm_name_unique"
          ]
        },
        {
          "index_key": 1,
          "schema_version": 0,
          "attributes": {
            "applied_dns_servers": [],
            "dns_servers": [],
            "edge_zone": "",
            "enable_accelerated_networking": false,
            "enable_ip_forwarding": false,
            "id": "/subscriptions/27ba4773-4015-4ff2-90cc-bf902c26b90e/resourceGroups/rsg-k8s-native/providers/Microsoft.Network/networkInterfaces/16a6e0dd",
            "internal_dns_name_label": "",
            "internal_domain_name_suffix": "ihrbdluc40vufe400noqn54yzh.zx.internal.cloudapp.net",
            "ip_configuration": [
              {
                "gateway_load_balancer_frontend_ip_configuration_id": "",
                "name": "internal",
                "primary": true,
                "private_ip_address": "10.0.2.5",
                "private_ip_address_allocation": "Dynamic",
                "private_ip_address_version": "IPv4",
                "public_ip_address_id": "/subscriptions/27ba4773-4015-4ff2-90cc-bf902c26b90e/resourceGroups/rsg-k8s-native/providers/Microsoft.Network/publicIPAddresses/vm_public_ip-16a6e0dd",
                "subnet_id": "/subscriptions/27ba4773-4015-4ff2-90cc-bf902c26b90e/resourceGroups/rsg-k8s-native/providers/Microsoft.Network/virtualNetworks/vnet-k8s-native/subnets/internal"
              }
            ],
            "location": "uksouth",
            "mac_address": "60-45-BD-C1-D4-77",
            "name": "16a6e0dd",
            "private_ip_address": "10.0.2.5",
            "private_ip_addresses": [
              "10.0.2.5"
            ],
            "resource_group_name": "rsg-k8s-native",
            "tags": {},
            "timeouts": null,
            "virtual_machine_id": "/subscriptions/27ba4773-4015-4ff2-90cc-bf902c26b90e/resourceGroups/rsg-k8s-native/providers/Microsoft.Compute/virtualMachines/vm-16a6e0dd"
          },
          "sensitive_attributes": [],
          "private": "eyJlMmJmYjczMC1lY2FhLTExZTYtOGY4OC0zNDM2M2JjN2M0YzAiOnsiY3JlYXRlIjoxODAwMDAwMDAwMDAwLCJkZWxldGUiOjE4MDAwMDAwMDAwMDAsInJlYWQiOjMwMDAwMDAwMDAwMCwidXBkYXRlIjoxODAwMDAwMDAwMDAwfX0=",
          "dependencies": [
            "azurerm_public_ip.k8s-native",
            "azurerm_resource_group.k8s-native",
            "azurerm_subnet.k8s-native",
            "azurerm_virtual_network.k8s-native",
            "random_id.vm_name_unique"
          ]
        },
        {
          "index_key": 2,
          "schema_version": 0,
          "attributes": {
            "applied_dns_servers": [],
            "dns_servers": [],
            "edge_zone": "",
            "enable_accelerated_networking": false,
            "enable_ip_forwarding": false,
            "id": "/subscriptions/27ba4773-4015-4ff2-90cc-bf902c26b90e/resourceGroups/rsg-k8s-native/providers/Microsoft.Network/networkInterfaces/122c789f",
            "internal_dns_name_label": "",
            "internal_domain_name_suffix": "ihrbdluc40vufe400noqn54yzh.zx.internal.cloudapp.net",
            "ip_configuration": [
              {
                "gateway_load_balancer_frontend_ip_configuration_id": "",
                "name": "internal",
                "primary": true,
                "private_ip_address": "10.0.2.6",
                "private_ip_address_allocation": "Dynamic",
                "private_ip_address_version": "IPv4",
                "public_ip_address_id": "/subscriptions/27ba4773-4015-4ff2-90cc-bf902c26b90e/resourceGroups/rsg-k8s-native/providers/Microsoft.Network/publicIPAddresses/vm_public_ip-122c789f",
                "subnet_id": "/subscriptions/27ba4773-4015-4ff2-90cc-bf902c26b90e/resourceGroups/rsg-k8s-native/providers/Microsoft.Network/virtualNetworks/vnet-k8s-native/subnets/internal"
              }
            ],
            "location": "uksouth",
            "mac_address": "60-45-BD-D0-D0-97",
            "name": "122c789f",
            "private_ip_address": "10.0.2.6",
            "private_ip_addresses": [
              "10.0.2.6"
            ],
            "resource_group_name": "rsg-k8s-native",
            "tags": {},
            "timeouts": null,
            "virtual_machine_id": "/subscriptions/27ba4773-4015-4ff2-90cc-bf902c26b90e/resourceGroups/rsg-k8s-native/providers/Microsoft.Compute/virtualMachines/vm-122c789f"
          },
          "sensitive_attributes": [],
          "private": "eyJlMmJmYjczMC1lY2FhLTExZTYtOGY4OC0zNDM2M2JjN2M0YzAiOnsiY3JlYXRlIjoxODAwMDAwMDAwMDAwLCJkZWxldGUiOjE4MDAwMDAwMDAwMDAsInJlYWQiOjMwMDAwMDAwMDAwMCwidXBkYXRlIjoxODAwMDAwMDAwMDAwfX0=",
          "dependencies": [
            "azurerm_public_ip.k8s-native",
            "azurerm_resource_group.k8s-native",
            "azurerm_subnet.k8s-native",
            "azurerm_virtual_network.k8s-native",
            "random_id.vm_name_unique"
          ]
        }
      ]
    },
    {
      "mode": "managed",
      "type": "azurerm_network_security_group",
      "name": "k8s-native",
      "provider": "provider[\"registry.terraform.io/hashicorp/azurerm\"]",
      "instances": [
        {
          "schema_version": 0,
          "attributes": {
            "id": "/subscriptions/27ba4773-4015-4ff2-90cc-bf902c26b90e/resourceGroups/rsg-k8s-native/providers/Microsoft.Network/networkSecurityGroups/nsg-k8s-native",
            "location": "uksouth",
            "name": "nsg-k8s-native",
            "resource_group_name": "rsg-k8s-native",
            "security_rule": [
              {
                "access": "Allow",
                "description": "",
                "destination_address_prefix": "*",
                "destination_address_prefixes": [],
                "destination_application_security_group_ids": [],
                "destination_port_range": "22",
                "destination_port_ranges": [],
                "direction": "Inbound",
                "name": "AllowSSH",
                "priority": 100,
                "protocol": "Tcp",
                "source_address_prefix": "*",
                "source_address_prefixes": [],
                "source_application_security_group_ids": [],
                "source_port_range": "22",
                "source_port_ranges": []
              }
            ],
            "tags": {},
            "timeouts": null
          },
          "sensitive_attributes": [],
          "private": "eyJlMmJmYjczMC1lY2FhLTExZTYtOGY4OC0zNDM2M2JjN2M0YzAiOnsiY3JlYXRlIjoxODAwMDAwMDAwMDAwLCJkZWxldGUiOjE4MDAwMDAwMDAwMDAsInJlYWQiOjMwMDAwMDAwMDAwMCwidXBkYXRlIjoxODAwMDAwMDAwMDAwfX0=",
          "dependencies": [
            "azurerm_resource_group.k8s-native"
          ]
        }
      ]
    },
    {
      "mode": "managed",
      "type": "azurerm_public_ip",
      "name": "k8s-native",
      "provider": "provider[\"registry.terraform.io/hashicorp/azurerm\"]",
      "instances": [
        {
          "index_key": 0,
          "schema_version": 0,
          "attributes": {
            "allocation_method": "Dynamic",
            "ddos_protection_mode": "VirtualNetworkInherited",
            "ddos_protection_plan_id": null,
            "domain_name_label": null,
            "edge_zone": "",
            "fqdn": null,
            "id": "/subscriptions/27ba4773-4015-4ff2-90cc-bf902c26b90e/resourceGroups/rsg-k8s-native/providers/Microsoft.Network/publicIPAddresses/vm_public_ip-796e0ba4",
            "idle_timeout_in_minutes": 4,
            "ip_address": "51.104.194.41",
            "ip_tags": {},
            "ip_version": "IPv4",
            "location": "uksouth",
            "name": "vm_public_ip-796e0ba4",
            "public_ip_prefix_id": null,
            "resource_group_name": "rsg-k8s-native",
            "reverse_fqdn": null,
            "sku": "Basic",
            "sku_tier": "Regional",
            "tags": {},
            "timeouts": null,
            "zones": []
          },
          "sensitive_attributes": [],
          "private": "eyJlMmJmYjczMC1lY2FhLTExZTYtOGY4OC0zNDM2M2JjN2M0YzAiOnsiY3JlYXRlIjoxODAwMDAwMDAwMDAwLCJkZWxldGUiOjE4MDAwMDAwMDAwMDAsInJlYWQiOjMwMDAwMDAwMDAwMCwidXBkYXRlIjoxODAwMDAwMDAwMDAwfX0=",
          "dependencies": [
            "azurerm_resource_group.k8s-native",
            "random_id.vm_name_unique"
          ]
        },
        {
          "index_key": 1,
          "schema_version": 0,
          "attributes": {
            "allocation_method": "Dynamic",
            "ddos_protection_mode": "VirtualNetworkInherited",
            "ddos_protection_plan_id": null,
            "domain_name_label": null,
            "edge_zone": "",
            "fqdn": null,
            "id": "/subscriptions/27ba4773-4015-4ff2-90cc-bf902c26b90e/resourceGroups/rsg-k8s-native/providers/Microsoft.Network/publicIPAddresses/vm_public_ip-16a6e0dd",
            "idle_timeout_in_minutes": 4,
            "ip_address": "51.104.194.79",
            "ip_tags": {},
            "ip_version": "IPv4",
            "location": "uksouth",
            "name": "vm_public_ip-16a6e0dd",
            "public_ip_prefix_id": null,
            "resource_group_name": "rsg-k8s-native",
            "reverse_fqdn": null,
            "sku": "Basic",
            "sku_tier": "Regional",
            "tags": {},
            "timeouts": null,
            "zones": []
          },
          "sensitive_attributes": [],
          "private": "eyJlMmJmYjczMC1lY2FhLTExZTYtOGY4OC0zNDM2M2JjN2M0YzAiOnsiY3JlYXRlIjoxODAwMDAwMDAwMDAwLCJkZWxldGUiOjE4MDAwMDAwMDAwMDAsInJlYWQiOjMwMDAwMDAwMDAwMCwidXBkYXRlIjoxODAwMDAwMDAwMDAwfX0=",
          "dependencies": [
            "azurerm_resource_group.k8s-native",
            "random_id.vm_name_unique"
          ]
        },
        {
          "index_key": 2,
          "schema_version": 0,
          "attributes": {
            "allocation_method": "Dynamic",
            "ddos_protection_mode": "VirtualNetworkInherited",
            "ddos_protection_plan_id": null,
            "domain_name_label": null,
            "edge_zone": "",
            "fqdn": null,
            "id": "/subscriptions/27ba4773-4015-4ff2-90cc-bf902c26b90e/resourceGroups/rsg-k8s-native/providers/Microsoft.Network/publicIPAddresses/vm_public_ip-122c789f",
            "idle_timeout_in_minutes": 4,
            "ip_address": "20.0.194.140",
            "ip_tags": {},
            "ip_version": "IPv4",
            "location": "uksouth",
            "name": "vm_public_ip-122c789f",
            "public_ip_prefix_id": null,
            "resource_group_name": "rsg-k8s-native",
            "reverse_fqdn": null,
            "sku": "Basic",
            "sku_tier": "Regional",
            "tags": {},
            "timeouts": null,
            "zones": []
          },
          "sensitive_attributes": [],
          "private": "eyJlMmJmYjczMC1lY2FhLTExZTYtOGY4OC0zNDM2M2JjN2M0YzAiOnsiY3JlYXRlIjoxODAwMDAwMDAwMDAwLCJkZWxldGUiOjE4MDAwMDAwMDAwMDAsInJlYWQiOjMwMDAwMDAwMDAwMCwidXBkYXRlIjoxODAwMDAwMDAwMDAwfX0=",
          "dependencies": [
            "azurerm_resource_group.k8s-native",
            "random_id.vm_name_unique"
          ]
        },
        {
          "index_key": 3,
          "schema_version": 0,
          "attributes": {
            "allocation_method": "Dynamic",
            "ddos_protection_mode": "VirtualNetworkInherited",
            "ddos_protection_plan_id": null,
            "domain_name_label": null,
            "edge_zone": "",
            "fqdn": null,
            "id": "/subscriptions/27ba4773-4015-4ff2-90cc-bf902c26b90e/resourceGroups/rsg-k8s-native/providers/Microsoft.Network/publicIPAddresses/vm_public_ip-796e0ba4",
            "idle_timeout_in_minutes": 4,
            "ip_address": "51.104.194.41",
            "ip_tags": {},
            "ip_version": "IPv4",
            "location": "uksouth",
            "name": "vm_public_ip-796e0ba4",
            "public_ip_prefix_id": null,
            "resource_group_name": "rsg-k8s-native",
            "reverse_fqdn": null,
            "sku": "Basic",
            "sku_tier": "Regional",
            "tags": {},
            "timeouts": null,
            "zones": []
          },
          "sensitive_attributes": [],
          "private": "eyJlMmJmYjczMC1lY2FhLTExZTYtOGY4OC0zNDM2M2JjN2M0YzAiOnsiY3JlYXRlIjoxODAwMDAwMDAwMDAwLCJkZWxldGUiOjE4MDAwMDAwMDAwMDAsInJlYWQiOjMwMDAwMDAwMDAwMCwidXBkYXRlIjoxODAwMDAwMDAwMDAwfX0=",
          "dependencies": [
            "azurerm_resource_group.k8s-native",
            "random_id.vm_name_unique"
          ]
        }
      ]
    },
    {
      "mode": "managed",
      "type": "azurerm_resource_group",
      "name": "k8s-native",
      "provider": "provider[\"registry.terraform.io/hashicorp/azurerm\"]",
      "instances": [
        {
          "schema_version": 0,
          "attributes": {
            "id": "/subscriptions/27ba4773-4015-4ff2-90cc-bf902c26b90e/resourceGroups/rsg-k8s-native",
            "location": "uksouth",
            "name": "rsg-k8s-native",
            "tags": {},
            "timeouts": null
          },
          "sensitive_attributes": [],
          "private": "eyJlMmJmYjczMC1lY2FhLTExZTYtOGY4OC0zNDM2M2JjN2M0YzAiOnsiY3JlYXRlIjo1NDAwMDAwMDAwMDAwLCJkZWxldGUiOjU0MDAwMDAwMDAwMDAsInJlYWQiOjMwMDAwMDAwMDAwMCwidXBkYXRlIjo1NDAwMDAwMDAwMDAwfX0="
        }
      ]
    },
    {
      "mode": "managed",
      "type": "azurerm_subnet",
      "name": "k8s-native",
      "provider": "provider[\"registry.terraform.io/hashicorp/azurerm\"]",
      "instances": [
        {
          "schema_version": 0,
          "attributes": {
            "address_prefixes": [
              "10.0.2.0/24"
            ],
            "delegation": [],
            "enforce_private_link_endpoint_network_policies": false,
            "enforce_private_link_service_network_policies": false,
            "id": "/subscriptions/27ba4773-4015-4ff2-90cc-bf902c26b90e/resourceGroups/rsg-k8s-native/providers/Microsoft.Network/virtualNetworks/vnet-k8s-native/subnets/internal",
            "name": "internal",
            "private_endpoint_network_policies_enabled": true,
            "private_link_service_network_policies_enabled": true,
            "resource_group_name": "rsg-k8s-native",
            "service_endpoint_policy_ids": [],
            "service_endpoints": [],
            "timeouts": null,
            "virtual_network_name": "vnet-k8s-native"
          },
          "sensitive_attributes": [],
          "private": "eyJlMmJmYjczMC1lY2FhLTExZTYtOGY4OC0zNDM2M2JjN2M0YzAiOnsiY3JlYXRlIjoxODAwMDAwMDAwMDAwLCJkZWxldGUiOjE4MDAwMDAwMDAwMDAsInJlYWQiOjMwMDAwMDAwMDAwMCwidXBkYXRlIjoxODAwMDAwMDAwMDAwfX0=",
          "dependencies": [
            "azurerm_resource_group.k8s-native",
            "azurerm_virtual_network.k8s-native"
          ]
        }
      ]
    },
    {
      "mode": "managed",
      "type": "azurerm_subnet_network_security_group_association",
      "name": "k8s-native",
      "provider": "provider[\"registry.terraform.io/hashicorp/azurerm\"]",
      "instances": [
        {
          "schema_version": 0,
          "attributes": {
            "id": "/subscriptions/27ba4773-4015-4ff2-90cc-bf902c26b90e/resourceGroups/rsg-k8s-native/providers/Microsoft.Network/virtualNetworks/vnet-k8s-native/subnets/internal",
            "network_security_group_id": "/subscriptions/27ba4773-4015-4ff2-90cc-bf902c26b90e/resourceGroups/rsg-k8s-native/providers/Microsoft.Network/networkSecurityGroups/nsg-k8s-native",
            "subnet_id": "/subscriptions/27ba4773-4015-4ff2-90cc-bf902c26b90e/resourceGroups/rsg-k8s-native/providers/Microsoft.Network/virtualNetworks/vnet-k8s-native/subnets/internal",
            "timeouts": null
          },
          "sensitive_attributes": [],
          "private": "eyJlMmJmYjczMC1lY2FhLTExZTYtOGY4OC0zNDM2M2JjN2M0YzAiOnsiY3JlYXRlIjoxODAwMDAwMDAwMDAwLCJkZWxldGUiOjE4MDAwMDAwMDAwMDAsInJlYWQiOjMwMDAwMDAwMDAwMCwidXBkYXRlIjoxODAwMDAwMDAwMDAwfX0=",
          "dependencies": [
            "azurerm_network_security_group.k8s-native",
            "azurerm_resource_group.k8s-native",
            "azurerm_subnet.k8s-native",
            "azurerm_virtual_network.k8s-native"
          ]
        }
      ]
    },
    {
      "mode": "managed",
      "type": "azurerm_virtual_machine",
      "name": "main",
      "provider": "provider[\"registry.terraform.io/hashicorp/azurerm\"]",
      "instances": [
        {
          "index_key": 0,
          "schema_version": 0,
          "attributes": {
            "additional_capabilities": [],
            "availability_set_id": null,
            "boot_diagnostics": [],
            "delete_data_disks_on_termination": true,
            "delete_os_disk_on_termination": true,
            "id": "/subscriptions/27ba4773-4015-4ff2-90cc-bf902c26b90e/resourceGroups/rsg-k8s-native/providers/Microsoft.Compute/virtualMachines/vm-796e0ba4",
            "identity": [],
            "license_type": null,
            "location": "uksouth",
            "name": "vm-796e0ba4",
            "network_interface_ids": [
              "/subscriptions/27ba4773-4015-4ff2-90cc-bf902c26b90e/resourceGroups/rsg-k8s-native/providers/Microsoft.Network/networkInterfaces/796e0ba4"
            ],
            "os_profile": [
              {
                "admin_password": "",
                "admin_username": "sysadmin",
                "computer_name": "vm-796e0ba4-osdisk",
                "custom_data": ""
              }
            ],
            "os_profile_linux_config": [
              {
                "disable_password_authentication": false,
                "ssh_keys": []
              }
            ],
            "os_profile_secrets": [],
            "os_profile_windows_config": [],
            "plan": [],
            "primary_network_interface_id": null,
            "proximity_placement_group_id": null,
            "resource_group_name": "rsg-k8s-native",
            "storage_data_disk": [],
            "storage_image_reference": [
              {
                "id": "",
                "offer": "0001-com-ubuntu-server-jammy",
                "publisher": "Canonical",
                "sku": "22_04-lts-gen2",
                "version": "latest"
              }
            ],
            "storage_os_disk": [
              {
                "caching": "ReadWrite",
                "create_option": "FromImage",
                "disk_size_gb": 30,
                "image_uri": "",
                "managed_disk_id": "/subscriptions/27ba4773-4015-4ff2-90cc-bf902c26b90e/resourceGroups/rsg-k8s-native/providers/Microsoft.Compute/disks/vm-796e0ba4-osdisk",
                "managed_disk_type": "Standard_LRS",
                "name": "vm-796e0ba4-osdisk",
                "os_type": "Linux",
                "vhd_uri": "",
                "write_accelerator_enabled": false
              }
            ],
            "tags": {
              "environment": "kubernetes"
            },
            "timeouts": null,
            "vm_size": "Standard_B4ms",
            "zones": []
          },
          "sensitive_attributes": [],
          "private": "eyJlMmJmYjczMC1lY2FhLTExZTYtOGY4OC0zNDM2M2JjN2M0YzAiOnsiY3JlYXRlIjozNjAwMDAwMDAwMDAwLCJkZWxldGUiOjM2MDAwMDAwMDAwMDAsInJlYWQiOjMwMDAwMDAwMDAwMCwidXBkYXRlIjozNjAwMDAwMDAwMDAwfX0=",
          "dependencies": [
            "azurerm_network_interface.k8s-native",
            "azurerm_public_ip.k8s-native",
            "azurerm_resource_group.k8s-native",
            "azurerm_subnet.k8s-native",
            "azurerm_virtual_network.k8s-native",
            "random_id.vm_name_unique"
          ]
        },
        {
          "index_key": 1,
          "schema_version": 0,
          "attributes": {
            "additional_capabilities": [],
            "availability_set_id": null,
            "boot_diagnostics": [],
            "delete_data_disks_on_termination": true,
            "delete_os_disk_on_termination": true,
            "id": "/subscriptions/27ba4773-4015-4ff2-90cc-bf902c26b90e/resourceGroups/rsg-k8s-native/providers/Microsoft.Compute/virtualMachines/vm-16a6e0dd",
            "identity": [],
            "license_type": null,
            "location": "uksouth",
            "name": "vm-16a6e0dd",
            "network_interface_ids": [
              "/subscriptions/27ba4773-4015-4ff2-90cc-bf902c26b90e/resourceGroups/rsg-k8s-native/providers/Microsoft.Network/networkInterfaces/16a6e0dd"
            ],
            "os_profile": [
              {
                "admin_password": "",
                "admin_username": "sysadmin",
                "computer_name": "vm-16a6e0dd-osdisk",
                "custom_data": ""
              }
            ],
            "os_profile_linux_config": [
              {
                "disable_password_authentication": false,
                "ssh_keys": []
              }
            ],
            "os_profile_secrets": [],
            "os_profile_windows_config": [],
            "plan": [],
            "primary_network_interface_id": null,
            "proximity_placement_group_id": null,
            "resource_group_name": "rsg-k8s-native",
            "storage_data_disk": [],
            "storage_image_reference": [
              {
                "id": "",
                "offer": "0001-com-ubuntu-server-jammy",
                "publisher": "Canonical",
                "sku": "22_04-lts-gen2",
                "version": "latest"
              }
            ],
            "storage_os_disk": [
              {
                "caching": "ReadWrite",
                "create_option": "FromImage",
                "disk_size_gb": 30,
                "image_uri": "",
                "managed_disk_id": "/subscriptions/27ba4773-4015-4ff2-90cc-bf902c26b90e/resourceGroups/rsg-k8s-native/providers/Microsoft.Compute/disks/vm-16a6e0dd-osdisk",
                "managed_disk_type": "Standard_LRS",
                "name": "vm-16a6e0dd-osdisk",
                "os_type": "Linux",
                "vhd_uri": "",
                "write_accelerator_enabled": false
              }
            ],
            "tags": {
              "environment": "kubernetes"
            },
            "timeouts": null,
            "vm_size": "Standard_B4ms",
            "zones": []
          },
          "sensitive_attributes": [],
          "private": "eyJlMmJmYjczMC1lY2FhLTExZTYtOGY4OC0zNDM2M2JjN2M0YzAiOnsiY3JlYXRlIjozNjAwMDAwMDAwMDAwLCJkZWxldGUiOjM2MDAwMDAwMDAwMDAsInJlYWQiOjMwMDAwMDAwMDAwMCwidXBkYXRlIjozNjAwMDAwMDAwMDAwfX0=",
          "dependencies": [
            "azurerm_network_interface.k8s-native",
            "azurerm_public_ip.k8s-native",
            "azurerm_resource_group.k8s-native",
            "azurerm_subnet.k8s-native",
            "azurerm_virtual_network.k8s-native",
            "random_id.vm_name_unique"
          ]
        },
        {
          "index_key": 2,
          "schema_version": 0,
          "attributes": {
            "additional_capabilities": [],
            "availability_set_id": null,
            "boot_diagnostics": [],
            "delete_data_disks_on_termination": true,
            "delete_os_disk_on_termination": true,
            "id": "/subscriptions/27ba4773-4015-4ff2-90cc-bf902c26b90e/resourceGroups/rsg-k8s-native/providers/Microsoft.Compute/virtualMachines/vm-122c789f",
            "identity": [],
            "license_type": null,
            "location": "uksouth",
            "name": "vm-122c789f",
            "network_interface_ids": [
              "/subscriptions/27ba4773-4015-4ff2-90cc-bf902c26b90e/resourceGroups/rsg-k8s-native/providers/Microsoft.Network/networkInterfaces/122c789f"
            ],
            "os_profile": [
              {
                "admin_password": "",
                "admin_username": "sysadmin",
                "computer_name": "vm-122c789f-osdisk",
                "custom_data": ""
              }
            ],
            "os_profile_linux_config": [
              {
                "disable_password_authentication": false,
                "ssh_keys": []
              }
            ],
            "os_profile_secrets": [],
            "os_profile_windows_config": [],
            "plan": [],
            "primary_network_interface_id": null,
            "proximity_placement_group_id": null,
            "resource_group_name": "rsg-k8s-native",
            "storage_data_disk": [],
            "storage_image_reference": [
              {
                "id": "",
                "offer": "0001-com-ubuntu-server-jammy",
                "publisher": "Canonical",
                "sku": "22_04-lts-gen2",
                "version": "latest"
              }
            ],
            "storage_os_disk": [
              {
                "caching": "ReadWrite",
                "create_option": "FromImage",
                "disk_size_gb": 30,
                "image_uri": "",
                "managed_disk_id": "/subscriptions/27ba4773-4015-4ff2-90cc-bf902c26b90e/resourceGroups/rsg-k8s-native/providers/Microsoft.Compute/disks/vm-122c789f-osdisk",
                "managed_disk_type": "Standard_LRS",
                "name": "vm-122c789f-osdisk",
                "os_type": "Linux",
                "vhd_uri": "",
                "write_accelerator_enabled": false
              }
            ],
            "tags": {
              "environment": "kubernetes"
            },
            "timeouts": null,
            "vm_size": "Standard_B4ms",
            "zones": []
          },
          "sensitive_attributes": [],
          "private": "eyJlMmJmYjczMC1lY2FhLTExZTYtOGY4OC0zNDM2M2JjN2M0YzAiOnsiY3JlYXRlIjozNjAwMDAwMDAwMDAwLCJkZWxldGUiOjM2MDAwMDAwMDAwMDAsInJlYWQiOjMwMDAwMDAwMDAwMCwidXBkYXRlIjozNjAwMDAwMDAwMDAwfX0=",
          "dependencies": [
            "azurerm_network_interface.k8s-native",
            "azurerm_public_ip.k8s-native",
            "azurerm_resource_group.k8s-native",
            "azurerm_subnet.k8s-native",
            "azurerm_virtual_network.k8s-native",
            "random_id.vm_name_unique"
          ]
        }
      ]
    },
    {
      "mode": "managed",
      "type": "azurerm_virtual_network",
      "name": "k8s-native",
      "provider": "provider[\"registry.terraform.io/hashicorp/azurerm\"]",
      "instances": [
        {
          "schema_version": 0,
          "attributes": {
            "address_space": [
              "10.0.0.0/16"
            ],
            "bgp_community": "",
            "ddos_protection_plan": [],
            "dns_servers": [],
            "edge_zone": "",
            "flow_timeout_in_minutes": 0,
            "guid": "ae11e241-f682-42ab-93da-d35d06ffd8cf",
            "id": "/subscriptions/27ba4773-4015-4ff2-90cc-bf902c26b90e/resourceGroups/rsg-k8s-native/providers/Microsoft.Network/virtualNetworks/vnet-k8s-native",
            "location": "uksouth",
            "name": "vnet-k8s-native",
            "resource_group_name": "rsg-k8s-native",
            "subnet": [
              {
                "address_prefix": "10.0.2.0/24",
                "id": "/subscriptions/27ba4773-4015-4ff2-90cc-bf902c26b90e/resourceGroups/rsg-k8s-native/providers/Microsoft.Network/virtualNetworks/vnet-k8s-native/subnets/internal",
                "name": "internal",
                "security_group": "/subscriptions/27ba4773-4015-4ff2-90cc-bf902c26b90e/resourceGroups/rsg-k8s-native/providers/Microsoft.Network/networkSecurityGroups/nsg-k8s-native"
              }
            ],
            "tags": {},
            "timeouts": null
          },
          "sensitive_attributes": [],
          "private": "eyJlMmJmYjczMC1lY2FhLTExZTYtOGY4OC0zNDM2M2JjN2M0YzAiOnsiY3JlYXRlIjoxODAwMDAwMDAwMDAwLCJkZWxldGUiOjE4MDAwMDAwMDAwMDAsInJlYWQiOjMwMDAwMDAwMDAwMCwidXBkYXRlIjoxODAwMDAwMDAwMDAwfX0=",
          "dependencies": [
            "azurerm_resource_group.k8s-native"
          ]
        }
      ]
    },
    {
      "mode": "managed",
      "type": "random_id",
      "name": "vm_name_unique",
      "provider": "provider[\"registry.terraform.io/hashicorp/random\"]",
      "instances": [
        {
          "index_key": 0,
          "schema_version": 0,
          "attributes": {
            "b64_std": "eW4LpA==",
            "b64_url": "eW4LpA",
            "byte_length": 4,
            "dec": "2037255076",
            "hex": "796e0ba4",
            "id": "eW4LpA",
            "keepers": null,
            "prefix": null
          },
          "sensitive_attributes": []
        },
        {
          "index_key": 1,
          "schema_version": 0,
          "attributes": {
            "b64_std": "Fqbg3Q==",
            "b64_url": "Fqbg3Q",
            "byte_length": 4,
            "dec": "380035293",
            "hex": "16a6e0dd",
            "id": "Fqbg3Q",
            "keepers": null,
            "prefix": null
          },
          "sensitive_attributes": []
        },
        {
          "index_key": 2,
          "schema_version": 0,
          "attributes": {
            "b64_std": "Eix4nw==",
            "b64_url": "Eix4nw",
            "byte_length": 4,
            "dec": "304904351",
            "hex": "122c789f",
            "id": "Eix4nw",
            "keepers": null,
            "prefix": null
          },
          "sensitive_attributes": []
        }
      ]
    }
  ],
  "check_results": null
}
